// !$*UTF8*$!
{
	archiveVersion = 1;
	classes = {
	};
	objectVersion = 51;
	objects = {

/* Begin PBXBuildFile section */
		59F7C722578E8961A8E30B64 /* Pods_TiTi_Travel.framework in Frameworks */ = {isa = PBXBuildFile; fileRef = C7A536015A272A7FE3C42F19 /* Pods_TiTi_Travel.framework */; };
		C827912F260CF13500BC3838 /* SideMenuViewModel.swift in Sources */ = {isa = PBXBuildFile; fileRef = C827912E260CF13500BC3838 /* SideMenuViewModel.swift */; };
		C83E1FCC25DAE9DF00B5009E /* OpenSansBold.ttf in Resources */ = {isa = PBXBuildFile; fileRef = C83E1FCB25DAE9DF00B5009E /* OpenSansBold.ttf */; };
		C83E1FCF25DAE9F400B5009E /* OpenSansSemibold.ttf in Resources */ = {isa = PBXBuildFile; fileRef = C83E1FCE25DAE9F400B5009E /* OpenSansSemibold.ttf */; };
		C83E1FD225DAEA5F00B5009E /* OpenSansRegular.ttf in Resources */ = {isa = PBXBuildFile; fileRef = C83E1FD125DAEA5F00B5009E /* OpenSansRegular.ttf */; };
		C83E1FD625DAEE6200B5009E /* LoginViewModel.swift in Sources */ = {isa = PBXBuildFile; fileRef = C83E1FD525DAEE6200B5009E /* LoginViewModel.swift */; };
		C83E1FE225DAF48700B5009E /* UIHelper.swift in Sources */ = {isa = PBXBuildFile; fileRef = C83E1FE125DAF48700B5009E /* UIHelper.swift */; };
		C83E1FEA25DAF8A400B5009E /* Service.swift in Sources */ = {isa = PBXBuildFile; fileRef = C83E1FE925DAF8A400B5009E /* Service.swift */; };
		C85893D825E1220B00412063 /* MapViewControllerViewModel.swift in Sources */ = {isa = PBXBuildFile; fileRef = C85893D725E1220B00412063 /* MapViewControllerViewModel.swift */; };
		C864855F25DFE80700DE71F0 /* MapViewController.storyboard in Resources */ = {isa = PBXBuildFile; fileRef = C864855E25DFE80700DE71F0 /* MapViewController.storyboard */; };
		C864856225DFE83C00DE71F0 /* MapViewController.swift in Sources */ = {isa = PBXBuildFile; fileRef = C864856125DFE83C00DE71F0 /* MapViewController.swift */; };
		C8682394260B36AC0013FB18 /* ErrorPopupViewController.xib in Resources */ = {isa = PBXBuildFile; fileRef = C8682393260B36AC0013FB18 /* ErrorPopupViewController.xib */; };
		C8682397260B36BB0013FB18 /* ErrorPopupViewController.swift in Sources */ = {isa = PBXBuildFile; fileRef = C8682396260B36BB0013FB18 /* ErrorPopupViewController.swift */; };
		C86F222A260CE3FE001F2464 /* SideMenuViewController.swift in Sources */ = {isa = PBXBuildFile; fileRef = C86F2229260CE3FE001F2464 /* SideMenuViewController.swift */; };
		C87EF96C25DC5BB800DD0C34 /* RegisterViewController.storyboard in Resources */ = {isa = PBXBuildFile; fileRef = C87EF96B25DC5BB800DD0C34 /* RegisterViewController.storyboard */; };
		C87EF96F25DC5C5C00DD0C34 /* RegisterViewController.swift in Sources */ = {isa = PBXBuildFile; fileRef = C87EF96E25DC5C5C00DD0C34 /* RegisterViewController.swift */; };
		C893C913261C6CBA00B2F85C /* SearchingLocationView.storyboard in Resources */ = {isa = PBXBuildFile; fileRef = C893C912261C6CBA00B2F85C /* SearchingLocationView.storyboard */; };
		C893C916261C6CD100B2F85C /* SearchingLocationViewController.swift in Sources */ = {isa = PBXBuildFile; fileRef = C893C915261C6CD100B2F85C /* SearchingLocationViewController.swift */; };
		C896E0E225D980A100FCADAC /* AppDelegate.swift in Sources */ = {isa = PBXBuildFile; fileRef = C896E0E125D980A100FCADAC /* AppDelegate.swift */; };
		C896E0E425D980A100FCADAC /* SceneDelegate.swift in Sources */ = {isa = PBXBuildFile; fileRef = C896E0E325D980A100FCADAC /* SceneDelegate.swift */; };
		C896E0EB25D980A300FCADAC /* Assets.xcassets in Resources */ = {isa = PBXBuildFile; fileRef = C896E0EA25D980A300FCADAC /* Assets.xcassets */; };
		C896E0EE25D980A300FCADAC /* LaunchScreen.storyboard in Resources */ = {isa = PBXBuildFile; fileRef = C896E0EC25D980A300FCADAC /* LaunchScreen.storyboard */; };
		C896E0FF25D986C200FCADAC /* LoginViewController.storyboard in Resources */ = {isa = PBXBuildFile; fileRef = C896E0FE25D986C200FCADAC /* LoginViewController.storyboard */; };
		C896E10225D986E600FCADAC /* LoginViewController.swift in Sources */ = {isa = PBXBuildFile; fileRef = C896E10125D986E600FCADAC /* LoginViewController.swift */; };
		C896E10C25D991C400FCADAC /* Helper.swift in Sources */ = {isa = PBXBuildFile; fileRef = C896E10B25D991C400FCADAC /* Helper.swift */; };
		C8E263B02600C49D008AEDC3 /* RegisterTextFieldViewModel.swift in Sources */ = {isa = PBXBuildFile; fileRef = C8E263AF2600C49D008AEDC3 /* RegisterTextFieldViewModel.swift */; };
		C8E2BADA25E3BDED00AD1D00 /* ApplicationCoordinator.swift in Sources */ = {isa = PBXBuildFile; fileRef = C8E2BAD925E3BDED00AD1D00 /* ApplicationCoordinator.swift */; };
		C8E2BADE25E3BEEA00AD1D00 /* UserAuthenticationCoordinator.swift in Sources */ = {isa = PBXBuildFile; fileRef = C8E2BADD25E3BEEA00AD1D00 /* UserAuthenticationCoordinator.swift */; };
		C8E2BAE225E3F94500AD1D00 /* MapCoordinator.swift in Sources */ = {isa = PBXBuildFile; fileRef = C8E2BAE125E3F94500AD1D00 /* MapCoordinator.swift */; };
		C8E3AA7D25F948AD006AFFA0 /* RegisterTextFieldController.xib in Resources */ = {isa = PBXBuildFile; fileRef = C8E3AA7C25F948AD006AFFA0 /* RegisterTextFieldController.xib */; };
		C8E3AA8125F94C58006AFFA0 /* RegisterTextFieldController.swift in Sources */ = {isa = PBXBuildFile; fileRef = C8E3AA8025F94C58006AFFA0 /* RegisterTextFieldController.swift */; };
/* End PBXBuildFile section */

/* Begin PBXFileReference section */
		0BFB016B0EF387FA7188624E /* Pods-TiTi-Travel.release.xcconfig */ = {isa = PBXFileReference; includeInIndex = 1; lastKnownFileType = text.xcconfig; name = "Pods-TiTi-Travel.release.xcconfig"; path = "Target Support Files/Pods-TiTi-Travel/Pods-TiTi-Travel.release.xcconfig"; sourceTree = "<group>"; };
		3213AE0AAD1D84AE04E206F6 /* Pods-TiTi-Travel.debug.xcconfig */ = {isa = PBXFileReference; includeInIndex = 1; lastKnownFileType = text.xcconfig; name = "Pods-TiTi-Travel.debug.xcconfig"; path = "Target Support Files/Pods-TiTi-Travel/Pods-TiTi-Travel.debug.xcconfig"; sourceTree = "<group>"; };
		C7A536015A272A7FE3C42F19 /* Pods_TiTi_Travel.framework */ = {isa = PBXFileReference; explicitFileType = wrapper.framework; includeInIndex = 0; path = Pods_TiTi_Travel.framework; sourceTree = BUILT_PRODUCTS_DIR; };
		C827912E260CF13500BC3838 /* SideMenuViewModel.swift */ = {isa = PBXFileReference; lastKnownFileType = sourcecode.swift; path = SideMenuViewModel.swift; sourceTree = "<group>"; };
		C83E1FCB25DAE9DF00B5009E /* OpenSansBold.ttf */ = {isa = PBXFileReference; lastKnownFileType = file; path = OpenSansBold.ttf; sourceTree = "<group>"; };
		C83E1FCE25DAE9F400B5009E /* OpenSansSemibold.ttf */ = {isa = PBXFileReference; lastKnownFileType = file; path = OpenSansSemibold.ttf; sourceTree = "<group>"; };
		C83E1FD125DAEA5F00B5009E /* OpenSansRegular.ttf */ = {isa = PBXFileReference; lastKnownFileType = file; path = OpenSansRegular.ttf; sourceTree = "<group>"; };
		C83E1FD525DAEE6200B5009E /* LoginViewModel.swift */ = {isa = PBXFileReference; lastKnownFileType = sourcecode.swift; path = LoginViewModel.swift; sourceTree = "<group>"; };
		C83E1FE125DAF48700B5009E /* UIHelper.swift */ = {isa = PBXFileReference; lastKnownFileType = sourcecode.swift; path = UIHelper.swift; sourceTree = "<group>"; };
		C83E1FE925DAF8A400B5009E /* Service.swift */ = {isa = PBXFileReference; lastKnownFileType = sourcecode.swift; path = Service.swift; sourceTree = "<group>"; };
		C85893D725E1220B00412063 /* MapViewControllerViewModel.swift */ = {isa = PBXFileReference; lastKnownFileType = sourcecode.swift; path = MapViewControllerViewModel.swift; sourceTree = "<group>"; };
		C864855E25DFE80700DE71F0 /* MapViewController.storyboard */ = {isa = PBXFileReference; lastKnownFileType = file.storyboard; path = MapViewController.storyboard; sourceTree = "<group>"; };
		C864856125DFE83C00DE71F0 /* MapViewController.swift */ = {isa = PBXFileReference; lastKnownFileType = sourcecode.swift; path = MapViewController.swift; sourceTree = "<group>"; };
		C8682393260B36AC0013FB18 /* ErrorPopupViewController.xib */ = {isa = PBXFileReference; lastKnownFileType = file.xib; path = ErrorPopupViewController.xib; sourceTree = "<group>"; };
		C8682396260B36BB0013FB18 /* ErrorPopupViewController.swift */ = {isa = PBXFileReference; lastKnownFileType = sourcecode.swift; path = ErrorPopupViewController.swift; sourceTree = "<group>"; };
		C86F2229260CE3FE001F2464 /* SideMenuViewController.swift */ = {isa = PBXFileReference; lastKnownFileType = sourcecode.swift; path = SideMenuViewController.swift; sourceTree = "<group>"; };
		C87EF96B25DC5BB800DD0C34 /* RegisterViewController.storyboard */ = {isa = PBXFileReference; lastKnownFileType = file.storyboard; path = RegisterViewController.storyboard; sourceTree = "<group>"; };
		C87EF96E25DC5C5C00DD0C34 /* RegisterViewController.swift */ = {isa = PBXFileReference; lastKnownFileType = sourcecode.swift; path = RegisterViewController.swift; sourceTree = "<group>"; };
		C893C912261C6CBA00B2F85C /* SearchingLocationView.storyboard */ = {isa = PBXFileReference; lastKnownFileType = file.storyboard; path = SearchingLocationView.storyboard; sourceTree = "<group>"; };
		C893C915261C6CD100B2F85C /* SearchingLocationViewController.swift */ = {isa = PBXFileReference; lastKnownFileType = sourcecode.swift; path = SearchingLocationViewController.swift; sourceTree = "<group>"; };
		C896E0DE25D980A100FCADAC /* TiTi-Travel.app */ = {isa = PBXFileReference; explicitFileType = wrapper.application; includeInIndex = 0; path = "TiTi-Travel.app"; sourceTree = BUILT_PRODUCTS_DIR; };
		C896E0E125D980A100FCADAC /* AppDelegate.swift */ = {isa = PBXFileReference; lastKnownFileType = sourcecode.swift; path = AppDelegate.swift; sourceTree = "<group>"; };
		C896E0E325D980A100FCADAC /* SceneDelegate.swift */ = {isa = PBXFileReference; lastKnownFileType = sourcecode.swift; path = SceneDelegate.swift; sourceTree = "<group>"; };
		C896E0EA25D980A300FCADAC /* Assets.xcassets */ = {isa = PBXFileReference; lastKnownFileType = folder.assetcatalog; path = Assets.xcassets; sourceTree = "<group>"; };
		C896E0ED25D980A300FCADAC /* Base */ = {isa = PBXFileReference; lastKnownFileType = file.storyboard; name = Base; path = Base.lproj/LaunchScreen.storyboard; sourceTree = "<group>"; };
		C896E0EF25D980A300FCADAC /* Info.plist */ = {isa = PBXFileReference; lastKnownFileType = text.plist.xml; path = Info.plist; sourceTree = "<group>"; };
		C896E0FE25D986C200FCADAC /* LoginViewController.storyboard */ = {isa = PBXFileReference; lastKnownFileType = file.storyboard; path = LoginViewController.storyboard; sourceTree = "<group>"; };
		C896E10125D986E600FCADAC /* LoginViewController.swift */ = {isa = PBXFileReference; lastKnownFileType = sourcecode.swift; path = LoginViewController.swift; sourceTree = "<group>"; };
		C896E10B25D991C400FCADAC /* Helper.swift */ = {isa = PBXFileReference; lastKnownFileType = sourcecode.swift; path = Helper.swift; sourceTree = "<group>"; };
		C8E263AF2600C49D008AEDC3 /* RegisterTextFieldViewModel.swift */ = {isa = PBXFileReference; lastKnownFileType = sourcecode.swift; path = RegisterTextFieldViewModel.swift; sourceTree = "<group>"; };
		C8E2BAD925E3BDED00AD1D00 /* ApplicationCoordinator.swift */ = {isa = PBXFileReference; lastKnownFileType = sourcecode.swift; path = ApplicationCoordinator.swift; sourceTree = "<group>"; };
		C8E2BADD25E3BEEA00AD1D00 /* UserAuthenticationCoordinator.swift */ = {isa = PBXFileReference; lastKnownFileType = sourcecode.swift; path = UserAuthenticationCoordinator.swift; sourceTree = "<group>"; };
		C8E2BAE125E3F94500AD1D00 /* MapCoordinator.swift */ = {isa = PBXFileReference; lastKnownFileType = sourcecode.swift; path = MapCoordinator.swift; sourceTree = "<group>"; };
		C8E3AA7C25F948AD006AFFA0 /* RegisterTextFieldController.xib */ = {isa = PBXFileReference; lastKnownFileType = file.xib; path = RegisterTextFieldController.xib; sourceTree = "<group>"; };
		C8E3AA8025F94C58006AFFA0 /* RegisterTextFieldController.swift */ = {isa = PBXFileReference; lastKnownFileType = sourcecode.swift; path = RegisterTextFieldController.swift; sourceTree = "<group>"; };
/* End PBXFileReference section */

/* Begin PBXFrameworksBuildPhase section */
		C896E0DB25D980A100FCADAC /* Frameworks */ = {
			isa = PBXFrameworksBuildPhase;
			buildActionMask = 2147483647;
			files = (
				59F7C722578E8961A8E30B64 /* Pods_TiTi_Travel.framework in Frameworks */,
			);
			runOnlyForDeploymentPostprocessing = 0;
		};
/* End PBXFrameworksBuildPhase section */

/* Begin PBXGroup section */
		4E6AD3705BCF26B273224122 /* Frameworks */ = {
			isa = PBXGroup;
			children = (
				C7A536015A272A7FE3C42F19 /* Pods_TiTi_Travel.framework */,
			);
			name = Frameworks;
			sourceTree = "<group>";
		};
		C83E1FCA25DAE9B800B5009E /* Fonts */ = {
			isa = PBXGroup;
			children = (
				C83E1FCB25DAE9DF00B5009E /* OpenSansBold.ttf */,
				C83E1FD125DAEA5F00B5009E /* OpenSansRegular.ttf */,
				C83E1FCE25DAE9F400B5009E /* OpenSansSemibold.ttf */,
			);
			path = Fonts;
			sourceTree = "<group>";
		};
		C83E1FE825DAF88E00B5009E /* Service */ = {
			isa = PBXGroup;
			children = (
				C83E1FE925DAF8A400B5009E /* Service.swift */,
			);
			path = Service;
			sourceTree = "<group>";
		};
		C864855D25DFE7ED00DE71F0 /* Map */ = {
			isa = PBXGroup;
			children = (
				C864855E25DFE80700DE71F0 /* MapViewController.storyboard */,
				C864856125DFE83C00DE71F0 /* MapViewController.swift */,
				C85893D725E1220B00412063 /* MapViewControllerViewModel.swift */,
			);
			path = Map;
			sourceTree = "<group>";
		};
		C864856B25E001AB00DE71F0 /* Components */ = {
			isa = PBXGroup;
			children = (
				C8C1CBB32609C23D00A15F3D /* Authentication */,
			);
			path = Components;
			sourceTree = "<group>";
		};
		C86F2228260CE3E9001F2464 /* SideBar */ = {
			isa = PBXGroup;
			children = (
				C86F2229260CE3FE001F2464 /* SideMenuViewController.swift */,
				C827912E260CF13500BC3838 /* SideMenuViewModel.swift */,
			);
			path = SideBar;
			sourceTree = "<group>";
		};
		C87EF96A25DC5B9800DD0C34 /* Register */ = {
			isa = PBXGroup;
			children = (
				C87EF96B25DC5BB800DD0C34 /* RegisterViewController.storyboard */,
				C87EF96E25DC5C5C00DD0C34 /* RegisterViewController.swift */,
			);
			path = Register;
			sourceTree = "<group>";
		};
		C893C910261C679700B2F85C /* SearchingLocation */ = {
			isa = PBXGroup;
			children = (
				C893C912261C6CBA00B2F85C /* SearchingLocationView.storyboard */,
				C893C915261C6CD100B2F85C /* SearchingLocationViewController.swift */,
			);
			path = SearchingLocation;
			sourceTree = "<group>";
		};
		C896E0D525D980A100FCADAC = {
			isa = PBXGroup;
			children = (
				C896E0E025D980A100FCADAC /* TiTi-Travel */,
				C896E0DF25D980A100FCADAC /* Products */,
				F819B71C7ACEE281372A8C96 /* Pods */,
				4E6AD3705BCF26B273224122 /* Frameworks */,
			);
			sourceTree = "<group>";
		};
		C896E0DF25D980A100FCADAC /* Products */ = {
			isa = PBXGroup;
			children = (
				C896E0DE25D980A100FCADAC /* TiTi-Travel.app */,
			);
			name = Products;
			sourceTree = "<group>";
		};
		C896E0E025D980A100FCADAC /* TiTi-Travel */ = {
			isa = PBXGroup;
			children = (
				C83E1FCA25DAE9B800B5009E /* Fonts */,
				C864856B25E001AB00DE71F0 /* Components */,
				C8E2BAD825E3BDCD00AD1D00 /* Coordinator */,
				C83E1FE825DAF88E00B5009E /* Service */,
				C896E0FD25D9867800FCADAC /* Login */,
				C87EF96A25DC5B9800DD0C34 /* Register */,
				C864855D25DFE7ED00DE71F0 /* Map */,
				C893C910261C679700B2F85C /* SearchingLocation */,
				C86F2228260CE3E9001F2464 /* SideBar */,
				C896E0E125D980A100FCADAC /* AppDelegate.swift */,
				C896E0E325D980A100FCADAC /* SceneDelegate.swift */,
				C896E0EA25D980A300FCADAC /* Assets.xcassets */,
				C896E0EC25D980A300FCADAC /* LaunchScreen.storyboard */,
				C896E0EF25D980A300FCADAC /* Info.plist */,
				C896E10B25D991C400FCADAC /* Helper.swift */,
				C83E1FE125DAF48700B5009E /* UIHelper.swift */,
			);
			path = "TiTi-Travel";
			sourceTree = "<group>";
		};
		C896E0FD25D9867800FCADAC /* Login */ = {
			isa = PBXGroup;
			children = (
				C896E0FE25D986C200FCADAC /* LoginViewController.storyboard */,
				C896E10125D986E600FCADAC /* LoginViewController.swift */,
				C83E1FD525DAEE6200B5009E /* LoginViewModel.swift */,
			);
			path = Login;
			sourceTree = "<group>";
		};
		C8C1CBB32609C23D00A15F3D /* Authentication */ = {
			isa = PBXGroup;
			children = (
				C8C1CBB42609C24B00A15F3D /* ErrorPopup */,
				C8E263AD2600C46E008AEDC3 /* Textfield */,
			);
			path = Authentication;
			sourceTree = "<group>";
		};
		C8C1CBB42609C24B00A15F3D /* ErrorPopup */ = {
			isa = PBXGroup;
			children = (
				C8682393260B36AC0013FB18 /* ErrorPopupViewController.xib */,
				C8682396260B36BB0013FB18 /* ErrorPopupViewController.swift */,
			);
			path = ErrorPopup;
			sourceTree = "<group>";
		};
		C8E263AD2600C46E008AEDC3 /* Textfield */ = {
			isa = PBXGroup;
			children = (
				C8E3AA7C25F948AD006AFFA0 /* RegisterTextFieldController.xib */,
				C8E3AA8025F94C58006AFFA0 /* RegisterTextFieldController.swift */,
				C8E263AF2600C49D008AEDC3 /* RegisterTextFieldViewModel.swift */,
			);
			path = Textfield;
			sourceTree = "<group>";
		};
		C8E2BAD825E3BDCD00AD1D00 /* Coordinator */ = {
			isa = PBXGroup;
			children = (
				C8E2BAD925E3BDED00AD1D00 /* ApplicationCoordinator.swift */,
				C8E2BADD25E3BEEA00AD1D00 /* UserAuthenticationCoordinator.swift */,
				C8E2BAE125E3F94500AD1D00 /* MapCoordinator.swift */,
			);
			path = Coordinator;
			sourceTree = "<group>";
		};
		F819B71C7ACEE281372A8C96 /* Pods */ = {
			isa = PBXGroup;
			children = (
				3213AE0AAD1D84AE04E206F6 /* Pods-TiTi-Travel.debug.xcconfig */,
				0BFB016B0EF387FA7188624E /* Pods-TiTi-Travel.release.xcconfig */,
			);
			path = Pods;
			sourceTree = "<group>";
		};
/* End PBXGroup section */

/* Begin PBXNativeTarget section */
		C896E0DD25D980A100FCADAC /* TiTi-Travel */ = {
			isa = PBXNativeTarget;
			buildConfigurationList = C896E0F225D980A300FCADAC /* Build configuration list for PBXNativeTarget "TiTi-Travel" */;
			buildPhases = (
				C990D18769535EC18DC1E66A /* [CP] Check Pods Manifest.lock */,
				C896E0DA25D980A100FCADAC /* Sources */,
				C896E0DB25D980A100FCADAC /* Frameworks */,
				C896E0DC25D980A100FCADAC /* Resources */,
				2F36790DD58C341EEF24625B /* [CP] Embed Pods Frameworks */,
			);
			buildRules = (
			);
			dependencies = (
			);
			name = "TiTi-Travel";
			productName = "TiTi-Travel";
			productReference = C896E0DE25D980A100FCADAC /* TiTi-Travel.app */;
			productType = "com.apple.product-type.application";
		};
/* End PBXNativeTarget section */

/* Begin PBXProject section */
		C896E0D625D980A100FCADAC /* Project object */ = {
			isa = PBXProject;
			attributes = {
				LastSwiftUpdateCheck = 1220;
				LastUpgradeCheck = 1220;
				TargetAttributes = {
					C896E0DD25D980A100FCADAC = {
						CreatedOnToolsVersion = 12.2;
					};
				};
			};
			buildConfigurationList = C896E0D925D980A100FCADAC /* Build configuration list for PBXProject "TiTi-Travel" */;
			compatibilityVersion = "Xcode 9.3";
			developmentRegion = en;
			hasScannedForEncodings = 0;
			knownRegions = (
				en,
				Base,
			);
			mainGroup = C896E0D525D980A100FCADAC;
			productRefGroup = C896E0DF25D980A100FCADAC /* Products */;
			projectDirPath = "";
			projectRoot = "";
			targets = (
				C896E0DD25D980A100FCADAC /* TiTi-Travel */,
			);
		};
/* End PBXProject section */

/* Begin PBXResourcesBuildPhase section */
		C896E0DC25D980A100FCADAC /* Resources */ = {
			isa = PBXResourcesBuildPhase;
			buildActionMask = 2147483647;
			files = (
				C864855F25DFE80700DE71F0 /* MapViewController.storyboard in Resources */,
				C893C913261C6CBA00B2F85C /* SearchingLocationView.storyboard in Resources */,
				C896E0EE25D980A300FCADAC /* LaunchScreen.storyboard in Resources */,
				C8682394260B36AC0013FB18 /* ErrorPopupViewController.xib in Resources */,
				C896E0FF25D986C200FCADAC /* LoginViewController.storyboard in Resources */,
				C83E1FCC25DAE9DF00B5009E /* OpenSansBold.ttf in Resources */,
				C8E3AA7D25F948AD006AFFA0 /* RegisterTextFieldController.xib in Resources */,
				C896E0EB25D980A300FCADAC /* Assets.xcassets in Resources */,
				C87EF96C25DC5BB800DD0C34 /* RegisterViewController.storyboard in Resources */,
				C83E1FCF25DAE9F400B5009E /* OpenSansSemibold.ttf in Resources */,
				C83E1FD225DAEA5F00B5009E /* OpenSansRegular.ttf in Resources */,
			);
			runOnlyForDeploymentPostprocessing = 0;
		};
/* End PBXResourcesBuildPhase section */

/* Begin PBXShellScriptBuildPhase section */
		2F36790DD58C341EEF24625B /* [CP] Embed Pods Frameworks */ = {
			isa = PBXShellScriptBuildPhase;
			buildActionMask = 2147483647;
			files = (
			);
			inputFileListPaths = (
				"${PODS_ROOT}/Target Support Files/Pods-TiTi-Travel/Pods-TiTi-Travel-frameworks-${CONFIGURATION}-input-files.xcfilelist",
			);
			name = "[CP] Embed Pods Frameworks";
			outputFileListPaths = (
				"${PODS_ROOT}/Target Support Files/Pods-TiTi-Travel/Pods-TiTi-Travel-frameworks-${CONFIGURATION}-output-files.xcfilelist",
			);
			runOnlyForDeploymentPostprocessing = 0;
			shellPath = /bin/sh;
			shellScript = "\"${PODS_ROOT}/Target Support Files/Pods-TiTi-Travel/Pods-TiTi-Travel-frameworks.sh\"\n";
			showEnvVarsInLog = 0;
		};
		C990D18769535EC18DC1E66A /* [CP] Check Pods Manifest.lock */ = {
			isa = PBXShellScriptBuildPhase;
			buildActionMask = 2147483647;
			files = (
			);
			inputFileListPaths = (
			);
			inputPaths = (
				"${PODS_PODFILE_DIR_PATH}/Podfile.lock",
				"${PODS_ROOT}/Manifest.lock",
			);
			name = "[CP] Check Pods Manifest.lock";
			outputFileListPaths = (
			);
			outputPaths = (
				"$(DERIVED_FILE_DIR)/Pods-TiTi-Travel-checkManifestLockResult.txt",
			);
			runOnlyForDeploymentPostprocessing = 0;
			shellPath = /bin/sh;
			shellScript = "diff \"${PODS_PODFILE_DIR_PATH}/Podfile.lock\" \"${PODS_ROOT}/Manifest.lock\" > /dev/null\nif [ $? != 0 ] ; then\n    # print error to STDERR\n    echo \"error: The sandbox is not in sync with the Podfile.lock. Run 'pod install' or update your CocoaPods installation.\" >&2\n    exit 1\nfi\n# This output is used by Xcode 'outputs' to avoid re-running this script phase.\necho \"SUCCESS\" > \"${SCRIPT_OUTPUT_FILE_0}\"\n";
			showEnvVarsInLog = 0;
		};
/* End PBXShellScriptBuildPhase section */

/* Begin PBXSourcesBuildPhase section */
		C896E0DA25D980A100FCADAC /* Sources */ = {
			isa = PBXSourcesBuildPhase;
			buildActionMask = 2147483647;
			files = (
				C864856225DFE83C00DE71F0 /* MapViewController.swift in Sources */,
				C83E1FE225DAF48700B5009E /* UIHelper.swift in Sources */,
				C8E2BADA25E3BDED00AD1D00 /* ApplicationCoordinator.swift in Sources */,
				C87EF96F25DC5C5C00DD0C34 /* RegisterViewController.swift in Sources */,
				C86F222A260CE3FE001F2464 /* SideMenuViewController.swift in Sources */,
				C896E10225D986E600FCADAC /* LoginViewController.swift in Sources */,
				C896E0E225D980A100FCADAC /* AppDelegate.swift in Sources */,
				C827912F260CF13500BC3838 /* SideMenuViewModel.swift in Sources */,
				C85893D825E1220B00412063 /* MapViewControllerViewModel.swift in Sources */,
				C8E263B02600C49D008AEDC3 /* RegisterTextFieldViewModel.swift in Sources */,
				C8E3AA8125F94C58006AFFA0 /* RegisterTextFieldController.swift in Sources */,
				C83E1FEA25DAF8A400B5009E /* Service.swift in Sources */,
				C893C916261C6CD100B2F85C /* SearchingLocationViewController.swift in Sources */,
				C8E2BADE25E3BEEA00AD1D00 /* UserAuthenticationCoordinator.swift in Sources */,
				C8E2BAE225E3F94500AD1D00 /* MapCoordinator.swift in Sources */,
				C896E0E425D980A100FCADAC /* SceneDelegate.swift in Sources */,
				C896E10C25D991C400FCADAC /* Helper.swift in Sources */,
				C83E1FD625DAEE6200B5009E /* LoginViewModel.swift in Sources */,
				C8682397260B36BB0013FB18 /* ErrorPopupViewController.swift in Sources */,
			);
			runOnlyForDeploymentPostprocessing = 0;
		};
/* End PBXSourcesBuildPhase section */

/* Begin PBXVariantGroup section */
		C896E0EC25D980A300FCADAC /* LaunchScreen.storyboard */ = {
			isa = PBXVariantGroup;
			children = (
				C896E0ED25D980A300FCADAC /* Base */,
			);
			name = LaunchScreen.storyboard;
			sourceTree = "<group>";
		};
/* End PBXVariantGroup section */

/* Begin XCBuildConfiguration section */
		C896E0F025D980A300FCADAC /* Debug */ = {
			isa = XCBuildConfiguration;
			buildSettings = {
				ALWAYS_SEARCH_USER_PATHS = NO;
				CLANG_ANALYZER_NONNULL = YES;
				CLANG_ANALYZER_NUMBER_OBJECT_CONVERSION = YES_AGGRESSIVE;
				CLANG_CXX_LANGUAGE_STANDARD = "gnu++14";
				CLANG_CXX_LIBRARY = "libc++";
				CLANG_ENABLE_MODULES = YES;
				CLANG_ENABLE_OBJC_ARC = YES;
				CLANG_ENABLE_OBJC_WEAK = YES;
				CLANG_WARN_BLOCK_CAPTURE_AUTORELEASING = YES;
				CLANG_WARN_BOOL_CONVERSION = YES;
				CLANG_WARN_COMMA = YES;
				CLANG_WARN_CONSTANT_CONVERSION = YES;
				CLANG_WARN_DEPRECATED_OBJC_IMPLEMENTATIONS = YES;
				CLANG_WARN_DIRECT_OBJC_ISA_USAGE = YES_ERROR;
				CLANG_WARN_DOCUMENTATION_COMMENTS = YES;
				CLANG_WARN_EMPTY_BODY = YES;
				CLANG_WARN_ENUM_CONVERSION = YES;
				CLANG_WARN_INFINITE_RECURSION = YES;
				CLANG_WARN_INT_CONVERSION = YES;
				CLANG_WARN_NON_LITERAL_NULL_CONVERSION = YES;
				CLANG_WARN_OBJC_IMPLICIT_RETAIN_SELF = YES;
				CLANG_WARN_OBJC_LITERAL_CONVERSION = YES;
				CLANG_WARN_OBJC_ROOT_CLASS = YES_ERROR;
				CLANG_WARN_QUOTED_INCLUDE_IN_FRAMEWORK_HEADER = YES;
				CLANG_WARN_RANGE_LOOP_ANALYSIS = YES;
				CLANG_WARN_STRICT_PROTOTYPES = YES;
				CLANG_WARN_SUSPICIOUS_MOVE = YES;
				CLANG_WARN_UNGUARDED_AVAILABILITY = YES_AGGRESSIVE;
				CLANG_WARN_UNREACHABLE_CODE = YES;
				CLANG_WARN__DUPLICATE_METHOD_MATCH = YES;
				COPY_PHASE_STRIP = NO;
				DEBUG_INFORMATION_FORMAT = dwarf;
				ENABLE_STRICT_OBJC_MSGSEND = YES;
				ENABLE_TESTABILITY = YES;
				GCC_C_LANGUAGE_STANDARD = gnu11;
				GCC_DYNAMIC_NO_PIC = NO;
				GCC_NO_COMMON_BLOCKS = YES;
				GCC_OPTIMIZATION_LEVEL = 0;
				GCC_PREPROCESSOR_DEFINITIONS = (
					"DEBUG=1",
					"$(inherited)",
				);
				GCC_WARN_64_TO_32_BIT_CONVERSION = YES;
				GCC_WARN_ABOUT_RETURN_TYPE = YES_ERROR;
				GCC_WARN_UNDECLARED_SELECTOR = YES;
				GCC_WARN_UNINITIALIZED_AUTOS = YES_AGGRESSIVE;
				GCC_WARN_UNUSED_FUNCTION = YES;
				GCC_WARN_UNUSED_VARIABLE = YES;
				IPHONEOS_DEPLOYMENT_TARGET = 12.0;
				MTL_ENABLE_DEBUG_INFO = INCLUDE_SOURCE;
				MTL_FAST_MATH = YES;
				ONLY_ACTIVE_ARCH = YES;
				SDKROOT = iphoneos;
				SWIFT_ACTIVE_COMPILATION_CONDITIONS = DEBUG;
				SWIFT_OPTIMIZATION_LEVEL = "-Onone";
			};
			name = Debug;
		};
		C896E0F125D980A300FCADAC /* Release */ = {
			isa = XCBuildConfiguration;
			buildSettings = {
				ALWAYS_SEARCH_USER_PATHS = NO;
				CLANG_ANALYZER_NONNULL = YES;
				CLANG_ANALYZER_NUMBER_OBJECT_CONVERSION = YES_AGGRESSIVE;
				CLANG_CXX_LANGUAGE_STANDARD = "gnu++14";
				CLANG_CXX_LIBRARY = "libc++";
				CLANG_ENABLE_MODULES = YES;
				CLANG_ENABLE_OBJC_ARC = YES;
				CLANG_ENABLE_OBJC_WEAK = YES;
				CLANG_WARN_BLOCK_CAPTURE_AUTORELEASING = YES;
				CLANG_WARN_BOOL_CONVERSION = YES;
				CLANG_WARN_COMMA = YES;
				CLANG_WARN_CONSTANT_CONVERSION = YES;
				CLANG_WARN_DEPRECATED_OBJC_IMPLEMENTATIONS = YES;
				CLANG_WARN_DIRECT_OBJC_ISA_USAGE = YES_ERROR;
				CLANG_WARN_DOCUMENTATION_COMMENTS = YES;
				CLANG_WARN_EMPTY_BODY = YES;
				CLANG_WARN_ENUM_CONVERSION = YES;
				CLANG_WARN_INFINITE_RECURSION = YES;
				CLANG_WARN_INT_CONVERSION = YES;
				CLANG_WARN_NON_LITERAL_NULL_CONVERSION = YES;
				CLANG_WARN_OBJC_IMPLICIT_RETAIN_SELF = YES;
				CLANG_WARN_OBJC_LITERAL_CONVERSION = YES;
				CLANG_WARN_OBJC_ROOT_CLASS = YES_ERROR;
				CLANG_WARN_QUOTED_INCLUDE_IN_FRAMEWORK_HEADER = YES;
				CLANG_WARN_RANGE_LOOP_ANALYSIS = YES;
				CLANG_WARN_STRICT_PROTOTYPES = YES;
				CLANG_WARN_SUSPICIOUS_MOVE = YES;
				CLANG_WARN_UNGUARDED_AVAILABILITY = YES_AGGRESSIVE;
				CLANG_WARN_UNREACHABLE_CODE = YES;
				CLANG_WARN__DUPLICATE_METHOD_MATCH = YES;
				COPY_PHASE_STRIP = NO;
				DEBUG_INFORMATION_FORMAT = "dwarf-with-dsym";
				ENABLE_NS_ASSERTIONS = NO;
				ENABLE_STRICT_OBJC_MSGSEND = YES;
				GCC_C_LANGUAGE_STANDARD = gnu11;
				GCC_NO_COMMON_BLOCKS = YES;
				GCC_WARN_64_TO_32_BIT_CONVERSION = YES;
				GCC_WARN_ABOUT_RETURN_TYPE = YES_ERROR;
				GCC_WARN_UNDECLARED_SELECTOR = YES;
				GCC_WARN_UNINITIALIZED_AUTOS = YES_AGGRESSIVE;
				GCC_WARN_UNUSED_FUNCTION = YES;
				GCC_WARN_UNUSED_VARIABLE = YES;
				IPHONEOS_DEPLOYMENT_TARGET = 12.0;
				MTL_ENABLE_DEBUG_INFO = NO;
				MTL_FAST_MATH = YES;
				SDKROOT = iphoneos;
				SWIFT_COMPILATION_MODE = wholemodule;
				SWIFT_OPTIMIZATION_LEVEL = "-O";
				VALIDATE_PRODUCT = YES;
			};
			name = Release;
		};
		C896E0F325D980A300FCADAC /* Debug */ = {
			isa = XCBuildConfiguration;
			baseConfigurationReference = 3213AE0AAD1D84AE04E206F6 /* Pods-TiTi-Travel.debug.xcconfig */;
			buildSettings = {
				ASSETCATALOG_COMPILER_APPICON_NAME = AppIcon;
				ASSETCATALOG_COMPILER_GLOBAL_ACCENT_COLOR_NAME = AccentColor;
				CODE_SIGN_STYLE = Automatic;
				DEVELOPMENT_TEAM = NK47D3F5VR;
				INFOPLIST_FILE = "TiTi-Travel/Info.plist";
				LD_RUNPATH_SEARCH_PATHS = (
					"$(inherited)",
					"@executable_path/Frameworks",
				);
				PRODUCT_BUNDLE_IDENTIFIER = "WWK.TiTi-Travel";
				PRODUCT_NAME = "$(TARGET_NAME)";
				SWIFT_VERSION = 5.0;
				TARGETED_DEVICE_FAMILY = 1;
			};
			name = Debug;
		};
		C896E0F425D980A300FCADAC /* Release */ = {
			isa = XCBuildConfiguration;
			baseConfigurationReference = 0BFB016B0EF387FA7188624E /* Pods-TiTi-Travel.release.xcconfig */;
			buildSettings = {
				ASSETCATALOG_COMPILER_APPICON_NAME = AppIcon;
				ASSETCATALOG_COMPILER_GLOBAL_ACCENT_COLOR_NAME = AccentColor;
				CODE_SIGN_STYLE = Automatic;
				DEVELOPMENT_TEAM = NK47D3F5VR;
				INFOPLIST_FILE = "TiTi-Travel/Info.plist";
				LD_RUNPATH_SEARCH_PATHS = (
					"$(inherited)",
					"@executable_path/Frameworks",
				);
				PRODUCT_BUNDLE_IDENTIFIER = "WWK.TiTi-Travel";
				PRODUCT_NAME = "$(TARGET_NAME)";
				SWIFT_VERSION = 5.0;
				TARGETED_DEVICE_FAMILY = 1;
			};
			name = Release;
		};
/* End XCBuildConfiguration section */

/* Begin XCConfigurationList section */
		C896E0D925D980A100FCADAC /* Build configuration list for PBXProject "TiTi-Travel" */ = {
			isa = XCConfigurationList;
			buildConfigurations = (
				C896E0F025D980A300FCADAC /* Debug */,
				C896E0F125D980A300FCADAC /* Release */,
			);
			defaultConfigurationIsVisible = 0;
			defaultConfigurationName = Release;
		};
		C896E0F225D980A300FCADAC /* Build configuration list for PBXNativeTarget "TiTi-Travel" */ = {
			isa = XCConfigurationList;
			buildConfigurations = (
				C896E0F325D980A300FCADAC /* Debug */,
				C896E0F425D980A300FCADAC /* Release */,
			);
			defaultConfigurationIsVisible = 0;
			defaultConfigurationName = Release;
		};
/* End XCConfigurationList section */
	};
	rootObject = C896E0D625D980A100FCADAC /* Project object */;
}
