PODS:
  - Alamofire (5.4.2)
  - EzPopup (1.2)
  - FittedSheets (2.4.0)
  - IQKeyboardManagerSwift (6.5.6)
  - Kingfisher (6.2.1)
  - SWRevealViewController (2.3.0)

DEPENDENCIES:
  - Alamofire
  - EzPopup
  - FittedSheets
  - IQKeyboardManagerSwift
  - Kingfisher
  - SWRevealViewController

SPEC REPOS:
  trunk:
    - Alamofire
    - EzPopup
    - FittedSheets
    - IQKeyboardManagerSwift
    - Kingfisher
    - SWRevealViewController

SPEC CHECKSUMS:
  Alamofire: bfbc4c2fe5909b1d94fb4ef2277c6b3727ef5dae
  EzPopup: 989ac21992a82ad6d1245c747a78bf3833279ef0
  FittedSheets: 470a7740a083156d711ab6ccd37d1d539005e6aa
  IQKeyboardManagerSwift: c7df9d2deb356c04522f5c4b7b6e4ce4d8ed94fe
  Kingfisher: e71c6fac2aebb1262888cabc2cb13d313362a48f
  SWRevealViewController: 6d3fd97f70112fd7cef9de14df4260eacce4c63a

PODFILE CHECKSUM: b4e12f227370c91b19e5ae69054b1ba709aca7dd

COCOAPODS: 1.10.1
